
Microsoft Visual Studio Solution File, Format Version 12.00
# Visual Studio Version 16
VisualStudioVersion = 16.0.30804.86
MinimumVisualStudioVersion = 10.0.40219.1
Project("{FAE04EC0-301F-11D3-BF4B-00C04F79EFBC}") = "Logs chat record extractor", "Logs chat record extractor\Logs chat record extractor.csproj", "{B37F6611-87BC-44CF-A1D5-2FAD23C9E412}"
EndProject
Global
	GlobalSection(SolutionConfigurationPlatforms) = preSolution
		Debug|Any CPU = Debug|Any CPU
		Release|Any CPU = Release|Any CPU
	EndGlobalSection
	GlobalSection(ProjectConfigurationPlatforms) = postSolution
		{B37F6611-87BC-44CF-A1D5-2FAD23C9E412}.Debug|Any CPU.ActiveCfg = Debug|Any CPU
		{B37F6611-87BC-44CF-A1D5-2FAD23C9E412}.Debug|Any CPU.Build.0 = Debug|Any CPU
		{B37F6611-87BC-44CF-A1D5-2FAD23C9E412}.Release|Any CPU.ActiveCfg = Release|Any CPU
		{B37F6611-87BC-44CF-A1D5-2FAD23C9E412}.Release|Any CPU.Build.0 = Release|Any CPU
	EndGlobalSection
	GlobalSection(SolutionProperties) = preSolution
		HideSolutionNode = FALSE
	EndGlobalSection
	GlobalSection(ExtensibilityGlobals) = postSolution
		SolutionGuid = {33439386-7E79-4175-A383-5D810398B7FE}
	EndGlobalSection
EndGlobal
